# THIS IS AN AUTOGENERATED FILE. DO NOT EDIT THIS FILE DIRECTLY.
# yarn lockfile v1


"@tsrepos/date-logic@^1.0.0":
  version "1.0.0"
  resolved "https://registry.yarnpkg.com/@tsrepos/date-logic/-/date-logic-1.0.0.tgz#d93d9adeb06b23d9dab310be52e56fadec5884a8"
  integrity sha512-1Q3GE2kdFu8HmN4qZCUfk1KZ0NSG/IMiGbs59D3PT1sNXw0yF4jNftFPWNS3Vx/XwHfHd6Gflv3QbGToDqK+/A==
